
Microsoft Visual Studio Solution File, Format Version 12.00
# Visual Studio Version 16
VisualStudioVersion = 16.0.29609.76
MinimumVisualStudioVersion = 10.0.40219.1
Project("{FAE04EC0-301F-11D3-BF4B-00C04F79EFBC}") = "Module1 - Self-Assessment Lab", "Module1 - Self-Assessment Lab.csproj", "{340D66A5-D8BF-4B7B-B3B4-F4BA97A89514}"
EndProject
Global
	GlobalSection(SolutionConfigurationPlatforms) = preSolution
		Debug|Any CPU = Debug|Any CPU
		Release|Any CPU = Release|Any CPU
	EndGlobalSection
	GlobalSection(ProjectConfigurationPlatforms) = postSolution
		{340D66A5-D8BF-4B7B-B3B4-F4BA97A89514}.Debug|Any CPU.ActiveCfg = Debug|Any CPU
		{340D66A5-D8BF-4B7B-B3B4-F4BA97A89514}.Debug|Any CPU.Build.0 = Debug|Any CPU
		{340D66A5-D8BF-4B7B-B3B4-F4BA97A89514}.Release|Any CPU.ActiveCfg = Release|Any CPU
		{340D66A5-D8BF-4B7B-B3B4-F4BA97A89514}.Release|Any CPU.Build.0 = Release|Any CPU
	EndGlobalSection
	GlobalSection(SolutionProperties) = preSolution
		HideSolutionNode = FALSE
	EndGlobalSection
	GlobalSection(ExtensibilityGlobals) = postSolution
		SolutionGuid = {724338FE-5894-4C66-BE81-4A812BE04EAE}
	EndGlobalSection
EndGlobal
